// !$*UTF8*$!
{
	archiveVersion = 1;
	classes = {
	};
	objectVersion = 46;
	objects = {

/* Begin PBXBuildFile section */
		3EBED11BCA988CEAE83F78DF /* Pods_twitterUITests.framework in Frameworks */ = {isa = PBXBuildFile; fileRef = 46968A0A0B54035A1A6D8250 /* Pods_twitterUITests.framework */; };
		9251B1811F0AE1500016E308 /* AppDelegate.swift in Sources */ = {isa = PBXBuildFile; fileRef = 9251B1801F0AE1500016E308 /* AppDelegate.swift */; };
		9251B1831F0AE1500016E308 /* ViewController.swift in Sources */ = {isa = PBXBuildFile; fileRef = 9251B1821F0AE1500016E308 /* ViewController.swift */; };
		9251B1861F0AE1500016E308 /* Main.storyboard in Resources */ = {isa = PBXBuildFile; fileRef = 9251B1841F0AE1500016E308 /* Main.storyboard */; };
		9251B1881F0AE1500016E308 /* Assets.xcassets in Resources */ = {isa = PBXBuildFile; fileRef = 9251B1871F0AE1500016E308 /* Assets.xcassets */; };
		9251B18B1F0AE1500016E308 /* LaunchScreen.storyboard in Resources */ = {isa = PBXBuildFile; fileRef = 9251B1891F0AE1500016E308 /* LaunchScreen.storyboard */; };
		9251B1961F0AE1500016E308 /* twitterTests.swift in Sources */ = {isa = PBXBuildFile; fileRef = 9251B1951F0AE1500016E308 /* twitterTests.swift */; };
		9251B1A11F0AE1500016E308 /* twitterUITests.swift in Sources */ = {isa = PBXBuildFile; fileRef = 9251B1A01F0AE1500016E308 /* twitterUITests.swift */; };
		9251B1AF1F0AE2C10016E308 /* APIManager.swift in Sources */ = {isa = PBXBuildFile; fileRef = 9251B1AE1F0AE2C10016E308 /* APIManager.swift */; };
		9251B1B11F0AE2FE0016E308 /* LoginViewController.swift in Sources */ = {isa = PBXBuildFile; fileRef = 9251B1B01F0AE2FE0016E308 /* LoginViewController.swift */; };
		9251B1B61F0AE3060016E308 /* TimelineViewController.swift in Sources */ = {isa = PBXBuildFile; fileRef = 9251B1B21F0AE3060016E308 /* TimelineViewController.swift */; };
		9251B1B71F0AE3060016E308 /* Tweet.swift in Sources */ = {isa = PBXBuildFile; fileRef = 9251B1B31F0AE3060016E308 /* Tweet.swift */; };
		9251B1B81F0AE3060016E308 /* TweetCell.swift in Sources */ = {isa = PBXBuildFile; fileRef = 9251B1B41F0AE3060016E308 /* TweetCell.swift */; };
		9251B1B91F0AE3060016E308 /* User.swift in Sources */ = {isa = PBXBuildFile; fileRef = 9251B1B51F0AE3060016E308 /* User.swift */; };
		92A5ECC21F0AF9D500FFC7D5 /* ComposeViewController.swift in Sources */ = {isa = PBXBuildFile; fileRef = 92A5ECC11F0AF9D500FFC7D5 /* ComposeViewController.swift */; };
		92CC6CE71F0DACEA00370329 /* DetailViewController.swift in Sources */ = {isa = PBXBuildFile; fileRef = 92CC6CE61F0DACEA00370329 /* DetailViewController.swift */; };
		92CC6CE91F0DBA3700370329 /* ProfileViewController.swift in Sources */ = {isa = PBXBuildFile; fileRef = 92CC6CE81F0DBA3700370329 /* ProfileViewController.swift */; };
		92CC6CEB1F0DBF5400370329 /* InfiniteScrollActivityView.swift in Sources */ = {isa = PBXBuildFile; fileRef = 92CC6CEA1F0DBF5400370329 /* InfiniteScrollActivityView.swift */; };
		C3867CEFF54FC8EFB8A932C1 /* Pods_twitter.framework in Frameworks */ = {isa = PBXBuildFile; fileRef = F3BAB18AC76549FE74EC889D /* Pods_twitter.framework */; };
		CA93D097ABF3CE10E3E276DA /* Pods_twitterTests.framework in Frameworks */ = {isa = PBXBuildFile; fileRef = 3E15F8A577B8772933B27D92 /* Pods_twitterTests.framework */; };
/* End PBXBuildFile section */

/* Begin PBXContainerItemProxy section */
		9251B1921F0AE1500016E308 /* PBXContainerItemProxy */ = {
			isa = PBXContainerItemProxy;
			containerPortal = 9251B1751F0AE1500016E308 /* Project object */;
			proxyType = 1;
			remoteGlobalIDString = 9251B17C1F0AE1500016E308;
			remoteInfo = twitter;
		};
		9251B19D1F0AE1500016E308 /* PBXContainerItemProxy */ = {
			isa = PBXContainerItemProxy;
			containerPortal = 9251B1751F0AE1500016E308 /* Project object */;
			proxyType = 1;
			remoteGlobalIDString = 9251B17C1F0AE1500016E308;
			remoteInfo = twitter;
		};
/* End PBXContainerItemProxy section */

/* Begin PBXFileReference section */
		011380450672BBC484038A8E /* Pods-twitterTests.release.xcconfig */ = {isa = PBXFileReference; includeInIndex = 1; lastKnownFileType = text.xcconfig; name = "Pods-twitterTests.release.xcconfig"; path = "Pods/Target Support Files/Pods-twitterTests/Pods-twitterTests.release.xcconfig"; sourceTree = "<group>"; };
		0EF844AF0039C2FF60602BC3 /* Pods-twitterTests.debug.xcconfig */ = {isa = PBXFileReference; includeInIndex = 1; lastKnownFileType = text.xcconfig; name = "Pods-twitterTests.debug.xcconfig"; path = "Pods/Target Support Files/Pods-twitterTests/Pods-twitterTests.debug.xcconfig"; sourceTree = "<group>"; };
		19BD96BFAE9F1F265BCA27D4 /* Pods-twitter.debug.xcconfig */ = {isa = PBXFileReference; includeInIndex = 1; lastKnownFileType = text.xcconfig; name = "Pods-twitter.debug.xcconfig"; path = "Pods/Target Support Files/Pods-twitter/Pods-twitter.debug.xcconfig"; sourceTree = "<group>"; };
		3E15F8A577B8772933B27D92 /* Pods_twitterTests.framework */ = {isa = PBXFileReference; explicitFileType = wrapper.framework; includeInIndex = 0; path = Pods_twitterTests.framework; sourceTree = BUILT_PRODUCTS_DIR; };
		46968A0A0B54035A1A6D8250 /* Pods_twitterUITests.framework */ = {isa = PBXFileReference; explicitFileType = wrapper.framework; includeInIndex = 0; path = Pods_twitterUITests.framework; sourceTree = BUILT_PRODUCTS_DIR; };
		476A72A4BFA801931D2EB9EB /* Pods-twitter.release.xcconfig */ = {isa = PBXFileReference; includeInIndex = 1; lastKnownFileType = text.xcconfig; name = "Pods-twitter.release.xcconfig"; path = "Pods/Target Support Files/Pods-twitter/Pods-twitter.release.xcconfig"; sourceTree = "<group>"; };
		9251B17D1F0AE1500016E308 /* twitter.app */ = {isa = PBXFileReference; explicitFileType = wrapper.application; includeInIndex = 0; path = twitter.app; sourceTree = BUILT_PRODUCTS_DIR; };
		9251B1801F0AE1500016E308 /* AppDelegate.swift */ = {isa = PBXFileReference; lastKnownFileType = sourcecode.swift; path = AppDelegate.swift; sourceTree = "<group>"; };
		9251B1821F0AE1500016E308 /* ViewController.swift */ = {isa = PBXFileReference; lastKnownFileType = sourcecode.swift; path = ViewController.swift; sourceTree = "<group>"; };
		9251B1851F0AE1500016E308 /* Base */ = {isa = PBXFileReference; lastKnownFileType = file.storyboard; name = Base; path = Base.lproj/Main.storyboard; sourceTree = "<group>"; };
		9251B1871F0AE1500016E308 /* Assets.xcassets */ = {isa = PBXFileReference; lastKnownFileType = folder.assetcatalog; path = Assets.xcassets; sourceTree = "<group>"; };
		9251B18A1F0AE1500016E308 /* Base */ = {isa = PBXFileReference; lastKnownFileType = file.storyboard; name = Base; path = Base.lproj/LaunchScreen.storyboard; sourceTree = "<group>"; };
		9251B18C1F0AE1500016E308 /* Info.plist */ = {isa = PBXFileReference; lastKnownFileType = text.plist.xml; path = Info.plist; sourceTree = "<group>"; };
		9251B1911F0AE1500016E308 /* twitterTests.xctest */ = {isa = PBXFileReference; explicitFileType = wrapper.cfbundle; includeInIndex = 0; path = twitterTests.xctest; sourceTree = BUILT_PRODUCTS_DIR; };
		9251B1951F0AE1500016E308 /* twitterTests.swift */ = {isa = PBXFileReference; lastKnownFileType = sourcecode.swift; path = twitterTests.swift; sourceTree = "<group>"; };
		9251B1971F0AE1500016E308 /* Info.plist */ = {isa = PBXFileReference; lastKnownFileType = text.plist.xml; path = Info.plist; sourceTree = "<group>"; };
		9251B19C1F0AE1500016E308 /* twitterUITests.xctest */ = {isa = PBXFileReference; explicitFileType = wrapper.cfbundle; includeInIndex = 0; path = twitterUITests.xctest; sourceTree = BUILT_PRODUCTS_DIR; };
		9251B1A01F0AE1500016E308 /* twitterUITests.swift */ = {isa = PBXFileReference; lastKnownFileType = sourcecode.swift; path = twitterUITests.swift; sourceTree = "<group>"; };
		9251B1A21F0AE1500016E308 /* Info.plist */ = {isa = PBXFileReference; lastKnownFileType = text.plist.xml; path = Info.plist; sourceTree = "<group>"; };
		9251B1AE1F0AE2C10016E308 /* APIManager.swift */ = {isa = PBXFileReference; fileEncoding = 4; lastKnownFileType = sourcecode.swift; path = APIManager.swift; sourceTree = "<group>"; };
		9251B1B01F0AE2FE0016E308 /* LoginViewController.swift */ = {isa = PBXFileReference; fileEncoding = 4; lastKnownFileType = sourcecode.swift; path = LoginViewController.swift; sourceTree = "<group>"; };
		9251B1B21F0AE3060016E308 /* TimelineViewController.swift */ = {isa = PBXFileReference; fileEncoding = 4; lastKnownFileType = sourcecode.swift; path = TimelineViewController.swift; sourceTree = "<group>"; };
		9251B1B31F0AE3060016E308 /* Tweet.swift */ = {isa = PBXFileReference; fileEncoding = 4; lastKnownFileType = sourcecode.swift; path = Tweet.swift; sourceTree = "<group>"; };
		9251B1B41F0AE3060016E308 /* TweetCell.swift */ = {isa = PBXFileReference; fileEncoding = 4; lastKnownFileType = sourcecode.swift; path = TweetCell.swift; sourceTree = "<group>"; };
		9251B1B51F0AE3060016E308 /* User.swift */ = {isa = PBXFileReference; fileEncoding = 4; lastKnownFileType = sourcecode.swift; path = User.swift; sourceTree = "<group>"; };
		92A5ECBC1F0AE3E600FFC7D5 /* twitter.entitlements */ = {isa = PBXFileReference; lastKnownFileType = text.plist.entitlements; path = twitter.entitlements; sourceTree = "<group>"; };
		92A5ECC11F0AF9D500FFC7D5 /* ComposeViewController.swift */ = {isa = PBXFileReference; fileEncoding = 4; lastKnownFileType = sourcecode.swift; path = ComposeViewController.swift; sourceTree = "<group>"; };
		92CC6CE61F0DACEA00370329 /* DetailViewController.swift */ = {isa = PBXFileReference; fileEncoding = 4; lastKnownFileType = sourcecode.swift; path = DetailViewController.swift; sourceTree = "<group>"; };
		92CC6CE81F0DBA3700370329 /* ProfileViewController.swift */ = {isa = PBXFileReference; fileEncoding = 4; lastKnownFileType = sourcecode.swift; path = ProfileViewController.swift; sourceTree = "<group>"; };
		92CC6CEA1F0DBF5400370329 /* InfiniteScrollActivityView.swift */ = {isa = PBXFileReference; fileEncoding = 4; lastKnownFileType = sourcecode.swift; path = InfiniteScrollActivityView.swift; sourceTree = "<group>"; };
		ABE6E3A73D3295749AE14098 /* Pods-twitterUITests.release.xcconfig */ = {isa = PBXFileReference; includeInIndex = 1; lastKnownFileType = text.xcconfig; name = "Pods-twitterUITests.release.xcconfig"; path = "Pods/Target Support Files/Pods-twitterUITests/Pods-twitterUITests.release.xcconfig"; sourceTree = "<group>"; };
		AFEFA12C0877A1410DA8A007 /* Pods-twitterUITests.debug.xcconfig */ = {isa = PBXFileReference; includeInIndex = 1; lastKnownFileType = text.xcconfig; name = "Pods-twitterUITests.debug.xcconfig"; path = "Pods/Target Support Files/Pods-twitterUITests/Pods-twitterUITests.debug.xcconfig"; sourceTree = "<group>"; };
		F3BAB18AC76549FE74EC889D /* Pods_twitter.framework */ = {isa = PBXFileReference; explicitFileType = wrapper.framework; includeInIndex = 0; path = Pods_twitter.framework; sourceTree = BUILT_PRODUCTS_DIR; };
/* End PBXFileReference section */

/* Begin PBXFrameworksBuildPhase section */
		9251B17A1F0AE1500016E308 /* Frameworks */ = {
			isa = PBXFrameworksBuildPhase;
			buildActionMask = 2147483647;
			files = (
				C3867CEFF54FC8EFB8A932C1 /* Pods_twitter.framework in Frameworks */,
			);
			runOnlyForDeploymentPostprocessing = 0;
		};
		9251B18E1F0AE1500016E308 /* Frameworks */ = {
			isa = PBXFrameworksBuildPhase;
			buildActionMask = 2147483647;
			files = (
				CA93D097ABF3CE10E3E276DA /* Pods_twitterTests.framework in Frameworks */,
			);
			runOnlyForDeploymentPostprocessing = 0;
		};
		9251B1991F0AE1500016E308 /* Frameworks */ = {
			isa = PBXFrameworksBuildPhase;
			buildActionMask = 2147483647;
			files = (
				3EBED11BCA988CEAE83F78DF /* Pods_twitterUITests.framework in Frameworks */,
			);
			runOnlyForDeploymentPostprocessing = 0;
		};
/* End PBXFrameworksBuildPhase section */

/* Begin PBXGroup section */
		23AD011281F8FD7C9CBEFA20 /* Pods */ = {
			isa = PBXGroup;
			children = (
				19BD96BFAE9F1F265BCA27D4 /* Pods-twitter.debug.xcconfig */,
				476A72A4BFA801931D2EB9EB /* Pods-twitter.release.xcconfig */,
				0EF844AF0039C2FF60602BC3 /* Pods-twitterTests.debug.xcconfig */,
				011380450672BBC484038A8E /* Pods-twitterTests.release.xcconfig */,
				AFEFA12C0877A1410DA8A007 /* Pods-twitterUITests.debug.xcconfig */,
				ABE6E3A73D3295749AE14098 /* Pods-twitterUITests.release.xcconfig */,
			);
			name = Pods;
			sourceTree = "<group>";
		};
		9251B1741F0AE1500016E308 = {
			isa = PBXGroup;
			children = (
				9251B17F1F0AE1500016E308 /* twitter */,
				9251B1941F0AE1500016E308 /* twitterTests */,
				9251B19F1F0AE1500016E308 /* twitterUITests */,
				9251B17E1F0AE1500016E308 /* Products */,
				23AD011281F8FD7C9CBEFA20 /* Pods */,
				A1ED6537EDC97291DD853EAF /* Frameworks */,
			);
			sourceTree = "<group>";
		};
		9251B17E1F0AE1500016E308 /* Products */ = {
			isa = PBXGroup;
			children = (
				9251B17D1F0AE1500016E308 /* twitter.app */,
				9251B1911F0AE1500016E308 /* twitterTests.xctest */,
				9251B19C1F0AE1500016E308 /* twitterUITests.xctest */,
			);
			name = Products;
			sourceTree = "<group>";
		};
		9251B17F1F0AE1500016E308 /* twitter */ = {
			isa = PBXGroup;
			children = (
				92A5ECC01F0AEFDD00FFC7D5 /* Models */,
				92A5ECBF1F0AEFBE00FFC7D5 /* ViewControllers */,
				92A5ECBD1F0AEFB400FFC7D5 /* Views */,
				9251B1801F0AE1500016E308 /* AppDelegate.swift */,
				9251B1841F0AE1500016E308 /* Main.storyboard */,
				9251B1891F0AE1500016E308 /* LaunchScreen.storyboard */,
				9251B18C1F0AE1500016E308 /* Info.plist */,
				9251B1871F0AE1500016E308 /* Assets.xcassets */,
				92A5ECBC1F0AE3E600FFC7D5 /* twitter.entitlements */,
			);
			path = twitter;
			sourceTree = "<group>";
		};
		9251B1941F0AE1500016E308 /* twitterTests */ = {
			isa = PBXGroup;
			children = (
				9251B1951F0AE1500016E308 /* twitterTests.swift */,
				9251B1971F0AE1500016E308 /* Info.plist */,
			);
			path = twitterTests;
			sourceTree = "<group>";
		};
		9251B19F1F0AE1500016E308 /* twitterUITests */ = {
			isa = PBXGroup;
			children = (
				9251B1A01F0AE1500016E308 /* twitterUITests.swift */,
				9251B1A21F0AE1500016E308 /* Info.plist */,
			);
			path = twitterUITests;
			sourceTree = "<group>";
		};
		92A5ECBD1F0AEFB400FFC7D5 /* Views */ = {
			isa = PBXGroup;
			children = (
				9251B1B41F0AE3060016E308 /* TweetCell.swift */,
				92CC6CEA1F0DBF5400370329 /* InfiniteScrollActivityView.swift */,
			);
			name = Views;
			sourceTree = "<group>";
		};
		92A5ECBF1F0AEFBE00FFC7D5 /* ViewControllers */ = {
			isa = PBXGroup;
			children = (
				9251B1821F0AE1500016E308 /* ViewController.swift */,
				9251B1B01F0AE2FE0016E308 /* LoginViewController.swift */,
				9251B1B21F0AE3060016E308 /* TimelineViewController.swift */,
				92A5ECC11F0AF9D500FFC7D5 /* ComposeViewController.swift */,
				92CC6CE61F0DACEA00370329 /* DetailViewController.swift */,
				92CC6CE81F0DBA3700370329 /* ProfileViewController.swift */,
			);
			name = ViewControllers;
			sourceTree = "<group>";
		};
		92A5ECC01F0AEFDD00FFC7D5 /* Models */ = {
			isa = PBXGroup;
			children = (
				9251B1AE1F0AE2C10016E308 /* APIManager.swift */,
				9251B1B31F0AE3060016E308 /* Tweet.swift */,
				9251B1B51F0AE3060016E308 /* User.swift */,
			);
			name = Models;
			sourceTree = "<group>";
		};
		A1ED6537EDC97291DD853EAF /* Frameworks */ = {
			isa = PBXGroup;
			children = (
				F3BAB18AC76549FE74EC889D /* Pods_twitter.framework */,
				3E15F8A577B8772933B27D92 /* Pods_twitterTests.framework */,
				46968A0A0B54035A1A6D8250 /* Pods_twitterUITests.framework */,
			);
			name = Frameworks;
			sourceTree = "<group>";
		};
/* End PBXGroup section */

/* Begin PBXNativeTarget section */
		9251B17C1F0AE1500016E308 /* twitter */ = {
			isa = PBXNativeTarget;
			buildConfigurationList = 9251B1A51F0AE1500016E308 /* Build configuration list for PBXNativeTarget "twitter" */;
			buildPhases = (
				C732FDCF180FA0E08DC3203F /* [CP] Check Pods Manifest.lock */,
				9251B1791F0AE1500016E308 /* Sources */,
				9251B17A1F0AE1500016E308 /* Frameworks */,
				9251B17B1F0AE1500016E308 /* Resources */,
				633B75B40F3E0001DD51DAE6 /* [CP] Embed Pods Frameworks */,
				855C70F8D67E3DCE08A92BF2 /* [CP] Copy Pods Resources */,
			);
			buildRules = (
			);
			dependencies = (
			);
			name = twitter;
			productName = twitter;
			productReference = 9251B17D1F0AE1500016E308 /* twitter.app */;
			productType = "com.apple.product-type.application";
		};
		9251B1901F0AE1500016E308 /* twitterTests */ = {
			isa = PBXNativeTarget;
			buildConfigurationList = 9251B1A81F0AE1500016E308 /* Build configuration list for PBXNativeTarget "twitterTests" */;
			buildPhases = (
				C039166E220BBD199FA04632 /* [CP] Check Pods Manifest.lock */,
				9251B18D1F0AE1500016E308 /* Sources */,
				9251B18E1F0AE1500016E308 /* Frameworks */,
				9251B18F1F0AE1500016E308 /* Resources */,
				4E97688805F9FEF29A7B5AE6 /* [CP] Embed Pods Frameworks */,
				52E778714C91D727AEEF2AB8 /* [CP] Copy Pods Resources */,
			);
			buildRules = (
			);
			dependencies = (
				9251B1931F0AE1500016E308 /* PBXTargetDependency */,
			);
			name = twitterTests;
			productName = twitterTests;
			productReference = 9251B1911F0AE1500016E308 /* twitterTests.xctest */;
			productType = "com.apple.product-type.bundle.unit-test";
		};
		9251B19B1F0AE1500016E308 /* twitterUITests */ = {
			isa = PBXNativeTarget;
			buildConfigurationList = 9251B1AB1F0AE1500016E308 /* Build configuration list for PBXNativeTarget "twitterUITests" */;
			buildPhases = (
				D86BF861DBD4F3092FBCA5AF /* [CP] Check Pods Manifest.lock */,
				9251B1981F0AE1500016E308 /* Sources */,
				9251B1991F0AE1500016E308 /* Frameworks */,
				9251B19A1F0AE1500016E308 /* Resources */,
				44E4BB7AC6043C4D9382C9EB /* [CP] Embed Pods Frameworks */,
				783AE8885BC63A2A65DE4712 /* [CP] Copy Pods Resources */,
			);
			buildRules = (
			);
			dependencies = (
				9251B19E1F0AE1500016E308 /* PBXTargetDependency */,
			);
			name = twitterUITests;
			productName = twitterUITests;
			productReference = 9251B19C1F0AE1500016E308 /* twitterUITests.xctest */;
			productType = "com.apple.product-type.bundle.ui-testing";
		};
/* End PBXNativeTarget section */

/* Begin PBXProject section */
		9251B1751F0AE1500016E308 /* Project object */ = {
			isa = PBXProject;
			attributes = {
				LastSwiftUpdateCheck = 0830;
				LastUpgradeCheck = 0830;
				ORGANIZATIONNAME = "Michael Wornow";
				TargetAttributes = {
					9251B17C1F0AE1500016E308 = {
						CreatedOnToolsVersion = 8.3.2;
						ProvisioningStyle = Automatic;
					};
					9251B1901F0AE1500016E308 = {
						CreatedOnToolsVersion = 8.3.2;
						ProvisioningStyle = Automatic;
						TestTargetID = 9251B17C1F0AE1500016E308;
					};
					9251B19B1F0AE1500016E308 = {
						CreatedOnToolsVersion = 8.3.2;
						ProvisioningStyle = Automatic;
						TestTargetID = 9251B17C1F0AE1500016E308;
					};
				};
			};
			buildConfigurationList = 9251B1781F0AE1500016E308 /* Build configuration list for PBXProject "twitter" */;
			compatibilityVersion = "Xcode 3.2";
			developmentRegion = English;
			hasScannedForEncodings = 0;
			knownRegions = (
				en,
				Base,
			);
			mainGroup = 9251B1741F0AE1500016E308;
			productRefGroup = 9251B17E1F0AE1500016E308 /* Products */;
			projectDirPath = "";
			projectRoot = "";
			targets = (
				9251B17C1F0AE1500016E308 /* twitter */,
				9251B1901F0AE1500016E308 /* twitterTests */,
				9251B19B1F0AE1500016E308 /* twitterUITests */,
			);
		};
/* End PBXProject section */

/* Begin PBXResourcesBuildPhase section */
		9251B17B1F0AE1500016E308 /* Resources */ = {
			isa = PBXResourcesBuildPhase;
			buildActionMask = 2147483647;
			files = (
				9251B18B1F0AE1500016E308 /* LaunchScreen.storyboard in Resources */,
				9251B1881F0AE1500016E308 /* Assets.xcassets in Resources */,
				9251B1861F0AE1500016E308 /* Main.storyboard in Resources */,
			);
			runOnlyForDeploymentPostprocessing = 0;
		};
		9251B18F1F0AE1500016E308 /* Resources */ = {
			isa = PBXResourcesBuildPhase;
			buildActionMask = 2147483647;
			files = (
			);
			runOnlyForDeploymentPostprocessing = 0;
		};
		9251B19A1F0AE1500016E308 /* Resources */ = {
			isa = PBXResourcesBuildPhase;
			buildActionMask = 2147483647;
			files = (
			);
			runOnlyForDeploymentPostprocessing = 0;
		};
/* End PBXResourcesBuildPhase section */

/* Begin PBXShellScriptBuildPhase section */
		44E4BB7AC6043C4D9382C9EB /* [CP] Embed Pods Frameworks */ = {
			isa = PBXShellScriptBuildPhase;
			buildActionMask = 2147483647;
			files = (
			);
			inputPaths = (
			);
			name = "[CP] Embed Pods Frameworks";
			outputPaths = (
			);
			runOnlyForDeploymentPostprocessing = 0;
			shellPath = /bin/sh;
			shellScript = "\"${SRCROOT}/Pods/Target Support Files/Pods-twitterUITests/Pods-twitterUITests-frameworks.sh\"\n";
			showEnvVarsInLog = 0;
		};
		4E97688805F9FEF29A7B5AE6 /* [CP] Embed Pods Frameworks */ = {
			isa = PBXShellScriptBuildPhase;
			buildActionMask = 2147483647;
			files = (
			);
			inputPaths = (
			);
			name = "[CP] Embed Pods Frameworks";
			outputPaths = (
			);
			runOnlyForDeploymentPostprocessing = 0;
			shellPath = /bin/sh;
			shellScript = "\"${SRCROOT}/Pods/Target Support Files/Pods-twitterTests/Pods-twitterTests-frameworks.sh\"\n";
			showEnvVarsInLog = 0;
		};
		52E778714C91D727AEEF2AB8 /* [CP] Copy Pods Resources */ = {
			isa = PBXShellScriptBuildPhase;
			buildActionMask = 2147483647;
			files = (
			);
			inputPaths = (
			);
			name = "[CP] Copy Pods Resources";
			outputPaths = (
			);
			runOnlyForDeploymentPostprocessing = 0;
			shellPath = /bin/sh;
			shellScript = "\"${SRCROOT}/Pods/Target Support Files/Pods-twitterTests/Pods-twitterTests-resources.sh\"\n";
			showEnvVarsInLog = 0;
		};
		633B75B40F3E0001DD51DAE6 /* [CP] Embed Pods Frameworks */ = {
			isa = PBXShellScriptBuildPhase;
			buildActionMask = 2147483647;
			files = (
			);
			inputPaths = (
			);
			name = "[CP] Embed Pods Frameworks";
			outputPaths = (
			);
			runOnlyForDeploymentPostprocessing = 0;
			shellPath = /bin/sh;
			shellScript = "\"${SRCROOT}/Pods/Target Support Files/Pods-twitter/Pods-twitter-frameworks.sh\"\n";
			showEnvVarsInLog = 0;
		};
		783AE8885BC63A2A65DE4712 /* [CP] Copy Pods Resources */ = {
			isa = PBXShellScriptBuildPhase;
			buildActionMask = 2147483647;
			files = (
			);
			inputPaths = (
			);
			name = "[CP] Copy Pods Resources";
			outputPaths = (
			);
			runOnlyForDeploymentPostprocessing = 0;
			shellPath = /bin/sh;
			shellScript = "\"${SRCROOT}/Pods/Target Support Files/Pods-twitterUITests/Pods-twitterUITests-resources.sh\"\n";
			showEnvVarsInLog = 0;
		};
		855C70F8D67E3DCE08A92BF2 /* [CP] Copy Pods Resources */ = {
			isa = PBXShellScriptBuildPhase;
			buildActionMask = 2147483647;
			files = (
			);
			inputPaths = (
			);
			name = "[CP] Copy Pods Resources";
			outputPaths = (
			);
			runOnlyForDeploymentPostprocessing = 0;
			shellPath = /bin/sh;
			shellScript = "\"${SRCROOT}/Pods/Target Support Files/Pods-twitter/Pods-twitter-resources.sh\"\n";
			showEnvVarsInLog = 0;
		};
		C039166E220BBD199FA04632 /* [CP] Check Pods Manifest.lock */ = {
			isa = PBXShellScriptBuildPhase;
			buildActionMask = 2147483647;
			files = (
			);
			inputPaths = (
			);
			name = "[CP] Check Pods Manifest.lock";
			outputPaths = (
			);
			runOnlyForDeploymentPostprocessing = 0;
			shellPath = /bin/sh;
			shellScript = "diff \"${PODS_PODFILE_DIR_PATH}/Podfile.lock\" \"${PODS_ROOT}/Manifest.lock\" > /dev/null\nif [ $? != 0 ] ; then\n    # print error to STDERR\n    echo \"error: The sandbox is not in sync with the Podfile.lock. Run 'pod install' or update your CocoaPods installation.\" >&2\n    exit 1\nfi\n";
			showEnvVarsInLog = 0;
		};
		C732FDCF180FA0E08DC3203F /* [CP] Check Pods Manifest.lock */ = {
			isa = PBXShellScriptBuildPhase;
			buildActionMask = 2147483647;
			files = (
			);
			inputPaths = (
			);
			name = "[CP] Check Pods Manifest.lock";
			outputPaths = (
			);
			runOnlyForDeploymentPostprocessing = 0;
			shellPath = /bin/sh;
			shellScript = "diff \"${PODS_PODFILE_DIR_PATH}/Podfile.lock\" \"${PODS_ROOT}/Manifest.lock\" > /dev/null\nif [ $? != 0 ] ; then\n    # print error to STDERR\n    echo \"error: The sandbox is not in sync with the Podfile.lock. Run 'pod install' or update your CocoaPods installation.\" >&2\n    exit 1\nfi\n";
			showEnvVarsInLog = 0;
		};
		D86BF861DBD4F3092FBCA5AF /* [CP] Check Pods Manifest.lock */ = {
			isa = PBXShellScriptBuildPhase;
			buildActionMask = 2147483647;
			files = (
			);
			inputPaths = (
			);
			name = "[CP] Check Pods Manifest.lock";
			outputPaths = (
			);
			runOnlyForDeploymentPostprocessing = 0;
			shellPath = /bin/sh;
			shellScript = "diff \"${PODS_PODFILE_DIR_PATH}/Podfile.lock\" \"${PODS_ROOT}/Manifest.lock\" > /dev/null\nif [ $? != 0 ] ; then\n    # print error to STDERR\n    echo \"error: The sandbox is not in sync with the Podfile.lock. Run 'pod install' or update your CocoaPods installation.\" >&2\n    exit 1\nfi\n";
			showEnvVarsInLog = 0;
		};
/* End PBXShellScriptBuildPhase section */

/* Begin PBXSourcesBuildPhase section */
		9251B1791F0AE1500016E308 /* Sources */ = {
			isa = PBXSourcesBuildPhase;
			buildActionMask = 2147483647;
			files = (
				92CC6CEB1F0DBF5400370329 /* InfiniteScrollActivityView.swift in Sources */,
				92A5ECC21F0AF9D500FFC7D5 /* ComposeViewController.swift in Sources */,
				9251B1B11F0AE2FE0016E308 /* LoginViewController.swift in Sources */,
				9251B1B81F0AE3060016E308 /* TweetCell.swift in Sources */,
				9251B1AF1F0AE2C10016E308 /* APIManager.swift in Sources */,
				9251B1831F0AE1500016E308 /* ViewController.swift in Sources */,
				9251B1B91F0AE3060016E308 /* User.swift in Sources */,
				92CC6CE91F0DBA3700370329 /* ProfileViewController.swift in Sources */,
				9251B1B71F0AE3060016E308 /* Tweet.swift in Sources */,
				92CC6CE71F0DACEA00370329 /* DetailViewController.swift in Sources */,
				9251B1811F0AE1500016E308 /* AppDelegate.swift in Sources */,
				9251B1B61F0AE3060016E308 /* TimelineViewController.swift in Sources */,
			);
			runOnlyForDeploymentPostprocessing = 0;
		};
		9251B18D1F0AE1500016E308 /* Sources */ = {
			isa = PBXSourcesBuildPhase;
			buildActionMask = 2147483647;
			files = (
				9251B1961F0AE1500016E308 /* twitterTests.swift in Sources */,
			);
			runOnlyForDeploymentPostprocessing = 0;
		};
		9251B1981F0AE1500016E308 /* Sources */ = {
			isa = PBXSourcesBuildPhase;
			buildActionMask = 2147483647;
			files = (
				9251B1A11F0AE1500016E308 /* twitterUITests.swift in Sources */,
			);
			runOnlyForDeploymentPostprocessing = 0;
		};
/* End PBXSourcesBuildPhase section */

/* Begin PBXTargetDependency section */
		9251B1931F0AE1500016E308 /* PBXTargetDependency */ = {
			isa = PBXTargetDependency;
			target = 9251B17C1F0AE1500016E308 /* twitter */;
			targetProxy = 9251B1921F0AE1500016E308 /* PBXContainerItemProxy */;
		};
		9251B19E1F0AE1500016E308 /* PBXTargetDependency */ = {
			isa = PBXTargetDependency;
			target = 9251B17C1F0AE1500016E308 /* twitter */;
			targetProxy = 9251B19D1F0AE1500016E308 /* PBXContainerItemProxy */;
		};
/* End PBXTargetDependency section */

/* Begin PBXVariantGroup section */
		9251B1841F0AE1500016E308 /* Main.storyboard */ = {
			isa = PBXVariantGroup;
			children = (
				9251B1851F0AE1500016E308 /* Base */,
			);
			name = Main.storyboard;
			sourceTree = "<group>";
		};
		9251B1891F0AE1500016E308 /* LaunchScreen.storyboard */ = {
			isa = PBXVariantGroup;
			children = (
				9251B18A1F0AE1500016E308 /* Base */,
			);
			name = LaunchScreen.storyboard;
			sourceTree = "<group>";
		};
/* End PBXVariantGroup section */

/* Begin XCBuildConfiguration section */
		9251B1A31F0AE1500016E308 /* Debug */ = {
			isa = XCBuildConfiguration;
			buildSettings = {
				ALWAYS_SEARCH_USER_PATHS = NO;
				CLANG_ANALYZER_NONNULL = YES;
				CLANG_ANALYZER_NUMBER_OBJECT_CONVERSION = YES_AGGRESSIVE;
				CLANG_CXX_LANGUAGE_STANDARD = "gnu++0x";
				CLANG_CXX_LIBRARY = "libc++";
				CLANG_ENABLE_MODULES = YES;
				CLANG_ENABLE_OBJC_ARC = YES;
				CLANG_WARN_BOOL_CONVERSION = YES;
				CLANG_WARN_CONSTANT_CONVERSION = YES;
				CLANG_WARN_DIRECT_OBJC_ISA_USAGE = YES_ERROR;
				CLANG_WARN_DOCUMENTATION_COMMENTS = YES;
				CLANG_WARN_EMPTY_BODY = YES;
				CLANG_WARN_ENUM_CONVERSION = YES;
				CLANG_WARN_INFINITE_RECURSION = YES;
				CLANG_WARN_INT_CONVERSION = YES;
				CLANG_WARN_OBJC_ROOT_CLASS = YES_ERROR;
				CLANG_WARN_SUSPICIOUS_MOVE = YES;
				CLANG_WARN_UNREACHABLE_CODE = YES;
				CLANG_WARN__DUPLICATE_METHOD_MATCH = YES;
				"CODE_SIGN_IDENTITY[sdk=iphoneos*]" = "iPhone Developer";
				COPY_PHASE_STRIP = NO;
				DEBUG_INFORMATION_FORMAT = dwarf;
				ENABLE_STRICT_OBJC_MSGSEND = YES;
				ENABLE_TESTABILITY = YES;
				GCC_C_LANGUAGE_STANDARD = gnu99;
				GCC_DYNAMIC_NO_PIC = NO;
				GCC_NO_COMMON_BLOCKS = YES;
				GCC_OPTIMIZATION_LEVEL = 0;
				GCC_PREPROCESSOR_DEFINITIONS = (
					"DEBUG=1",
					"$(inherited)",
				);
				GCC_WARN_64_TO_32_BIT_CONVERSION = YES;
				GCC_WARN_ABOUT_RETURN_TYPE = YES_ERROR;
				GCC_WARN_UNDECLARED_SELECTOR = YES;
				GCC_WARN_UNINITIALIZED_AUTOS = YES_AGGRESSIVE;
				GCC_WARN_UNUSED_FUNCTION = YES;
				GCC_WARN_UNUSED_VARIABLE = YES;
				IPHONEOS_DEPLOYMENT_TARGET = 10.3;
				MTL_ENABLE_DEBUG_INFO = YES;
				ONLY_ACTIVE_ARCH = YES;
				SDKROOT = iphoneos;
				SWIFT_ACTIVE_COMPILATION_CONDITIONS = DEBUG;
				SWIFT_OPTIMIZATION_LEVEL = "-Onone";
			};
			name = Debug;
		};
		9251B1A41F0AE1500016E308 /* Release */ = {
			isa = XCBuildConfiguration;
			buildSettings = {
				ALWAYS_SEARCH_USER_PATHS = NO;
				CLANG_ANALYZER_NONNULL = YES;
				CLANG_ANALYZER_NUMBER_OBJECT_CONVERSION = YES_AGGRESSIVE;
				CLANG_CXX_LANGUAGE_STANDARD = "gnu++0x";
				CLANG_CXX_LIBRARY = "libc++";
				CLANG_ENABLE_MODULES = YES;
				CLANG_ENABLE_OBJC_ARC = YES;
				CLANG_WARN_BOOL_CONVERSION = YES;
				CLANG_WARN_CONSTANT_CONVERSION = YES;
				CLANG_WARN_DIRECT_OBJC_ISA_USAGE = YES_ERROR;
				CLANG_WARN_DOCUMENTATION_COMMENTS = YES;
				CLANG_WARN_EMPTY_BODY = YES;
				CLANG_WARN_ENUM_CONVERSION = YES;
				CLANG_WARN_INFINITE_RECURSION = YES;
				CLANG_WARN_INT_CONVERSION = YES;
				CLANG_WARN_OBJC_ROOT_CLASS = YES_ERROR;
				CLANG_WARN_SUSPICIOUS_MOVE = YES;
				CLANG_WARN_UNREACHABLE_CODE = YES;
				CLANG_WARN__DUPLICATE_METHOD_MATCH = YES;
				"CODE_SIGN_IDENTITY[sdk=iphoneos*]" = "iPhone Developer";
				COPY_PHASE_STRIP = NO;
				DEBUG_INFORMATION_FORMAT = "dwarf-with-dsym";
				ENABLE_NS_ASSERTIONS = NO;
				ENABLE_STRICT_OBJC_MSGSEND = YES;
				GCC_C_LANGUAGE_STANDARD = gnu99;
				GCC_NO_COMMON_BLOCKS = YES;
				GCC_WARN_64_TO_32_BIT_CONVERSION = YES;
				GCC_WARN_ABOUT_RETURN_TYPE = YES_ERROR;
				GCC_WARN_UNDECLARED_SELECTOR = YES;
				GCC_WARN_UNINITIALIZED_AUTOS = YES_AGGRESSIVE;
				GCC_WARN_UNUSED_FUNCTION = YES;
				GCC_WARN_UNUSED_VARIABLE = YES;
				IPHONEOS_DEPLOYMENT_TARGET = 10.3;
				MTL_ENABLE_DEBUG_INFO = NO;
				SDKROOT = iphoneos;
				SWIFT_OPTIMIZATION_LEVEL = "-Owholemodule";
				VALIDATE_PRODUCT = YES;
			};
			name = Release;
		};
		9251B1A61F0AE1500016E308 /* Debug */ = {
			isa = XCBuildConfiguration;
			baseConfigurationReference = 19BD96BFAE9F1F265BCA27D4 /* Pods-twitter.debug.xcconfig */;
			buildSettings = {
				ASSETCATALOG_COMPILER_APPICON_NAME = AppIcon;
				INFOPLIST_FILE = twitter/Info.plist;
				LD_RUNPATH_SEARCH_PATHS = "$(inherited) @executable_path/Frameworks";
				PRODUCT_BUNDLE_IDENTIFIER = com.miking98.twitter;
				PRODUCT_NAME = "$(TARGET_NAME)";
				SWIFT_VERSION = 3.0;
			};
			name = Debug;
		};
		9251B1A71F0AE1500016E308 /* Release */ = {
			isa = XCBuildConfiguration;
			baseConfigurationReference = 476A72A4BFA801931D2EB9EB /* Pods-twitter.release.xcconfig */;
			buildSettings = {
				ASSETCATALOG_COMPILER_APPICON_NAME = AppIcon;
				INFOPLIST_FILE = twitter/Info.plist;
				LD_RUNPATH_SEARCH_PATHS = "$(inherited) @executable_path/Frameworks";
				PRODUCT_BUNDLE_IDENTIFIER = com.miking98.twitter;
				PRODUCT_NAME = "$(TARGET_NAME)";
				SWIFT_VERSION = 3.0;
			};
			name = Release;
		};
		9251B1A91F0AE1500016E308 /* Debug */ = {
			isa = XCBuildConfiguration;
			baseConfigurationReference = 0EF844AF0039C2FF60602BC3 /* Pods-twitterTests.debug.xcconfig */;
			buildSettings = {
				ALWAYS_EMBED_SWIFT_STANDARD_LIBRARIES = YES;
				BUNDLE_LOADER = "$(TEST_HOST)";
				INFOPLIST_FILE = twitterTests/Info.plist;
				LD_RUNPATH_SEARCH_PATHS = "$(inherited) @executable_path/Frameworks @loader_path/Frameworks";
				PRODUCT_BUNDLE_IDENTIFIER = com.miking98.twitterTests;
				PRODUCT_NAME = "$(TARGET_NAME)";
				SWIFT_VERSION = 3.0;
				TEST_HOST = "$(BUILT_PRODUCTS_DIR)/twitter.app/twitter";
			};
			name = Debug;
		};
		9251B1AA1F0AE1500016E308 /* Release */ = {
			isa = XCBuildConfiguration;
			baseConfigurationReference = 011380450672BBC484038A8E /* Pods-twitterTests.release.xcconfig */;
			buildSettings = {
				ALWAYS_EMBED_SWIFT_STANDARD_LIBRARIES = YES;
				BUNDLE_LOADER = "$(TEST_HOST)";
				INFOPLIST_FILE = twitterTests/Info.plist;
				LD_RUNPATH_SEARCH_PATHS = "$(inherited) @executable_path/Frameworks @loader_path/Frameworks";
				PRODUCT_BUNDLE_IDENTIFIER = com.miking98.twitterTests;
				PRODUCT_NAME = "$(TARGET_NAME)";
				SWIFT_VERSION = 3.0;
				TEST_HOST = "$(BUILT_PRODUCTS_DIR)/twitter.app/twitter";
			};
			name = Release;
		};
		9251B1AC1F0AE1500016E308 /* Debug */ = {
			isa = XCBuildConfiguration;
			baseConfigurationReference = AFEFA12C0877A1410DA8A007 /* Pods-twitterUITests.debug.xcconfig */;
			buildSettings = {
				ALWAYS_EMBED_SWIFT_STANDARD_LIBRARIES = YES;
				INFOPLIST_FILE = twitterUITests/Info.plist;
				LD_RUNPATH_SEARCH_PATHS = "$(inherited) @executable_path/Frameworks @loader_path/Frameworks";
				PRODUCT_BUNDLE_IDENTIFIER = com.miking98.twitterUITests;
				PRODUCT_NAME = "$(TARGET_NAME)";
				SWIFT_VERSION = 3.0;
				TEST_TARGET_NAME = twitter;
			};
			name = Debug;
		};
		9251B1AD1F0AE1500016E308 /* Release */ = {
			isa = XCBuildConfiguration;
			baseConfigurationReference = ABE6E3A73D3295749AE14098 /* Pods-twitterUITests.release.xcconfig */;
			buildSettings = {
				ALWAYS_EMBED_SWIFT_STANDARD_LIBRARIES = YES;
				INFOPLIST_FILE = twitterUITests/Info.plist;
				LD_RUNPATH_SEARCH_PATHS = "$(inherited) @executable_path/Frameworks @loader_path/Frameworks";
				PRODUCT_BUNDLE_IDENTIFIER = com.miking98.twitterUITests;
				PRODUCT_NAME = "$(TARGET_NAME)";
				SWIFT_VERSION = 3.0;
				TEST_TARGET_NAME = twitter;
			};
			name = Release;
		};
/* End XCBuildConfiguration section */

/* Begin XCConfigurationList section */
		9251B1781F0AE1500016E308 /* Build configuration list for PBXProject "twitter" */ = {
			isa = XCConfigurationList;
			buildConfigurations = (
				9251B1A31F0AE1500016E308 /* Debug */,
				9251B1A41F0AE1500016E308 /* Release */,
			);
			defaultConfigurationIsVisible = 0;
			defaultConfigurationName = Release;
		};
		9251B1A51F0AE1500016E308 /* Build configuration list for PBXNativeTarget "twitter" */ = {
			isa = XCConfigurationList;
			buildConfigurations = (
				9251B1A61F0AE1500016E308 /* Debug */,
				9251B1A71F0AE1500016E308 /* Release */,
			);
			defaultConfigurationIsVisible = 0;
			defaultConfigurationName = Release;
		};
		9251B1A81F0AE1500016E308 /* Build configuration list for PBXNativeTarget "twitterTests" */ = {
			isa = XCConfigurationList;
			buildConfigurations = (
				9251B1A91F0AE1500016E308 /* Debug */,
				9251B1AA1F0AE1500016E308 /* Release */,
			);
			defaultConfigurationIsVisible = 0;
			defaultConfigurationName = Release;
		};
		9251B1AB1F0AE1500016E308 /* Build configuration list for PBXNativeTarget "twitterUITests" */ = {
			isa = XCConfigurationList;
			buildConfigurations = (
				9251B1AC1F0AE1500016E308 /* Debug */,
				9251B1AD1F0AE1500016E308 /* Release */,
			);
			defaultConfigurationIsVisible = 0;
			defaultConfigurationName = Release;
		};
/* End XCConfigurationList section */
	};
	rootObject = 9251B1751F0AE1500016E308 /* Project object */;
}
